
Microsoft Visual Studio Solution File, Format Version 12.00
# Visual Studio Version 17
VisualStudioVersion = 17.9.34728.123
MinimumVisualStudioVersion = 10.0.40219.1
Project("{8BC9CEB8-8B4A-11D0-8D11-00A0C91BC942}") = "PG3_07_02", "PG3_07_02.vcxproj", "{DABDC8E9-8F97-4C1D-B21D-0E11243C6FDE}"
EndProject
Global
	GlobalSection(SolutionConfigurationPlatforms) = preSolution
		Debug|x64 = Debug|x64
		Debug|x86 = Debug|x86
		Release|x64 = Release|x64
		Release|x86 = Release|x86
	EndGlobalSection
	GlobalSection(ProjectConfigurationPlatforms) = postSolution
		{DABDC8E9-8F97-4C1D-B21D-0E11243C6FDE}.Debug|x64.ActiveCfg = Debug|x64
		{DABDC8E9-8F97-4C1D-B21D-0E11243C6FDE}.Debug|x64.Build.0 = Debug|x64
		{DABDC8E9-8F97-4C1D-B21D-0E11243C6FDE}.Debug|x86.ActiveCfg = Debug|Win32
		{DABDC8E9-8F97-4C1D-B21D-0E11243C6FDE}.Debug|x86.Build.0 = Debug|Win32
		{DABDC8E9-8F97-4C1D-B21D-0E11243C6FDE}.Release|x64.ActiveCfg = Release|x64
		{DABDC8E9-8F97-4C1D-B21D-0E11243C6FDE}.Release|x64.Build.0 = Release|x64
		{DABDC8E9-8F97-4C1D-B21D-0E11243C6FDE}.Release|x86.ActiveCfg = Release|Win32
		{DABDC8E9-8F97-4C1D-B21D-0E11243C6FDE}.Release|x86.Build.0 = Release|Win32
	EndGlobalSection
	GlobalSection(SolutionProperties) = preSolution
		HideSolutionNode = FALSE
	EndGlobalSection
	GlobalSection(ExtensibilityGlobals) = postSolution
		SolutionGuid = {8F359745-1784-4A60-9919-4444AF0C7214}
	EndGlobalSection
EndGlobal
